
Microsoft Visual Studio Solution File, Format Version 12.00
# Visual Studio Version 17
VisualStudioVersion = 17.0.32002.185
MinimumVisualStudioVersion = 10.0.40219.1
Project("{9A19103F-16F7-4668-BE54-9A1E7A4F7556}") = "Module", "Module\Module.csproj", "{B7A2B102-CF87-4641-A66E-C0FB6F82C448}"
EndProject
Project("{9A19103F-16F7-4668-BE54-9A1E7A4F7556}") = "ModuleTests", "ModuleTests\ModuleTests.csproj", "{AE30F942-C9B9-4114-86AF-E5F9E438946C}"
EndProject
Project("{9A19103F-16F7-4668-BE54-9A1E7A4F7556}") = "Warehouse", "..\..\Warehouse\Warehouse\Warehouse.csproj", "{CA8EADB5-38D8-4AF8-B530-EE9CE8FA2897}"
EndProject
Global
	GlobalSection(SolutionConfigurationPlatforms) = preSolution
		Debug|Any CPU = Debug|Any CPU
		Release|Any CPU = Release|Any CPU
	EndGlobalSection
	GlobalSection(ProjectConfigurationPlatforms) = postSolution
		{B7A2B102-CF87-4641-A66E-C0FB6F82C448}.Debug|Any CPU.ActiveCfg = Debug|Any CPU
		{B7A2B102-CF87-4641-A66E-C0FB6F82C448}.Debug|Any CPU.Build.0 = Debug|Any CPU
		{B7A2B102-CF87-4641-A66E-C0FB6F82C448}.Release|Any CPU.ActiveCfg = Release|Any CPU
		{B7A2B102-CF87-4641-A66E-C0FB6F82C448}.Release|Any CPU.Build.0 = Release|Any CPU
		{AE30F942-C9B9-4114-86AF-E5F9E438946C}.Debug|Any CPU.ActiveCfg = Debug|Any CPU
		{AE30F942-C9B9-4114-86AF-E5F9E438946C}.Debug|Any CPU.Build.0 = Debug|Any CPU
		{AE30F942-C9B9-4114-86AF-E5F9E438946C}.Release|Any CPU.ActiveCfg = Release|Any CPU
		{AE30F942-C9B9-4114-86AF-E5F9E438946C}.Release|Any CPU.Build.0 = Release|Any CPU
		{CA8EADB5-38D8-4AF8-B530-EE9CE8FA2897}.Debug|Any CPU.ActiveCfg = Debug|Any CPU
		{CA8EADB5-38D8-4AF8-B530-EE9CE8FA2897}.Debug|Any CPU.Build.0 = Debug|Any CPU
		{CA8EADB5-38D8-4AF8-B530-EE9CE8FA2897}.Release|Any CPU.ActiveCfg = Release|Any CPU
		{CA8EADB5-38D8-4AF8-B530-EE9CE8FA2897}.Release|Any CPU.Build.0 = Release|Any CPU
	EndGlobalSection
	GlobalSection(SolutionProperties) = preSolution
		HideSolutionNode = FALSE
	EndGlobalSection
	GlobalSection(ExtensibilityGlobals) = postSolution
		SolutionGuid = {BF943B9E-6045-4D7F-B3BC-EF070ECEA56E}
	EndGlobalSection
EndGlobal
